
Microsoft Visual Studio Solution File, Format Version 12.00
# Visual Studio 15
VisualStudioVersion = 15.0.27703.2026
MinimumVisualStudioVersion = 10.0.40219.1
Project("{FAE04EC0-301F-11D3-BF4B-00C04F79EFBC}") = "Kelson.Lua", "Kelson.Lua\Kelson.Lua.csproj", "{3013B680-87CD-4DED-BFAD-6A383D5A8105}"
EndProject
Project("{FAE04EC0-301F-11D3-BF4B-00C04F79EFBC}") = "Kelson.Lua.Antlr", "Kelson.Lua.Antlr\Kelson.Lua.Antlr.csproj", "{B277BA88-2F0C-4257-A484-3D010C9E8F57}"
EndProject
Project("{FAE04EC0-301F-11D3-BF4B-00C04F79EFBC}") = "Kelson.Lua.Repl", "Kelson.Lua.Repl\Kelson.Lua.Repl.csproj", "{D59949C5-3F7E-467C-919C-996618CDB5EA}"
EndProject
Project("{FAE04EC0-301F-11D3-BF4B-00C04F79EFBC}") = "Kelson.Lua.CodeGen", "Kelson.Lua.CodeGen\Kelson.Lua.CodeGen.csproj", "{90489E45-727D-4B4C-9563-589B4CA0A8E6}"
EndProject
Global
	GlobalSection(SolutionConfigurationPlatforms) = preSolution
		Debug|Any CPU = Debug|Any CPU
		Release|Any CPU = Release|Any CPU
	EndGlobalSection
	GlobalSection(ProjectConfigurationPlatforms) = postSolution
		{3013B680-87CD-4DED-BFAD-6A383D5A8105}.Debug|Any CPU.ActiveCfg = Debug|Any CPU
		{3013B680-87CD-4DED-BFAD-6A383D5A8105}.Debug|Any CPU.Build.0 = Debug|Any CPU
		{3013B680-87CD-4DED-BFAD-6A383D5A8105}.Release|Any CPU.ActiveCfg = Release|Any CPU
		{3013B680-87CD-4DED-BFAD-6A383D5A8105}.Release|Any CPU.Build.0 = Release|Any CPU
		{B277BA88-2F0C-4257-A484-3D010C9E8F57}.Debug|Any CPU.ActiveCfg = Debug|Any CPU
		{B277BA88-2F0C-4257-A484-3D010C9E8F57}.Debug|Any CPU.Build.0 = Debug|Any CPU
		{B277BA88-2F0C-4257-A484-3D010C9E8F57}.Release|Any CPU.ActiveCfg = Release|Any CPU
		{B277BA88-2F0C-4257-A484-3D010C9E8F57}.Release|Any CPU.Build.0 = Release|Any CPU
		{D59949C5-3F7E-467C-919C-996618CDB5EA}.Debug|Any CPU.ActiveCfg = Debug|Any CPU
		{D59949C5-3F7E-467C-919C-996618CDB5EA}.Debug|Any CPU.Build.0 = Debug|Any CPU
		{D59949C5-3F7E-467C-919C-996618CDB5EA}.Release|Any CPU.ActiveCfg = Release|Any CPU
		{D59949C5-3F7E-467C-919C-996618CDB5EA}.Release|Any CPU.Build.0 = Release|Any CPU
		{90489E45-727D-4B4C-9563-589B4CA0A8E6}.Debug|Any CPU.ActiveCfg = Debug|Any CPU
		{90489E45-727D-4B4C-9563-589B4CA0A8E6}.Debug|Any CPU.Build.0 = Debug|Any CPU
		{90489E45-727D-4B4C-9563-589B4CA0A8E6}.Release|Any CPU.ActiveCfg = Release|Any CPU
		{90489E45-727D-4B4C-9563-589B4CA0A8E6}.Release|Any CPU.Build.0 = Release|Any CPU
	EndGlobalSection
	GlobalSection(SolutionProperties) = preSolution
		HideSolutionNode = FALSE
	EndGlobalSection
	GlobalSection(ExtensibilityGlobals) = postSolution
		SolutionGuid = {49B039F7-CC48-46E7-AF20-083EC5B415CF}
	EndGlobalSection
EndGlobal
